
Microsoft Visual Studio Solution File, Format Version 12.00
# Visual Studio Version 17
VisualStudioVersion = 17.4.33213.308
MinimumVisualStudioVersion = 10.0.40219.1
Project("{9A19103F-16F7-4668-BE54-9A1E7A4F7556}") = "Web", "Web\WebService\Web.csproj", "{DFAE580F-3E5F-4370-817E-9B2FA7E393DA}"
EndProject
Project("{FAE04EC0-301F-11D3-BF4B-00C04F79EFBC}") = "Application", "Web\Application\Application.csproj", "{62C02634-F410-4800-B17D-70016F367148}"
EndProject
Project("{FAE04EC0-301F-11D3-BF4B-00C04F79EFBC}") = "Infrastructure", "Web\Infrastructure\Infrastructure.csproj", "{6E7B3332-F60A-4BAA-A74C-69C16A10DE58}"
EndProject
Project("{FAE04EC0-301F-11D3-BF4B-00C04F79EFBC}") = "Domain", "Web\Domain\Domain.csproj", "{48B86CD3-B3AC-41FA-99AF-0C836B73538D}"
EndProject
Project("{FAE04EC0-301F-11D3-BF4B-00C04F79EFBC}") = "SharedKernel", "Web\SharedKernel\SharedKernel.csproj", "{9681297E-33A2-49CA-B8BB-FE366170E429}"
EndProject
Global
	GlobalSection(SolutionConfigurationPlatforms) = preSolution
		Debug|Any CPU = Debug|Any CPU
		Release|Any CPU = Release|Any CPU
	EndGlobalSection
	GlobalSection(ProjectConfigurationPlatforms) = postSolution
		{DFAE580F-3E5F-4370-817E-9B2FA7E393DA}.Debug|Any CPU.ActiveCfg = Debug|Any CPU
		{DFAE580F-3E5F-4370-817E-9B2FA7E393DA}.Debug|Any CPU.Build.0 = Debug|Any CPU
		{DFAE580F-3E5F-4370-817E-9B2FA7E393DA}.Release|Any CPU.ActiveCfg = Release|Any CPU
		{DFAE580F-3E5F-4370-817E-9B2FA7E393DA}.Release|Any CPU.Build.0 = Release|Any CPU
		{62C02634-F410-4800-B17D-70016F367148}.Debug|Any CPU.ActiveCfg = Debug|Any CPU
		{62C02634-F410-4800-B17D-70016F367148}.Debug|Any CPU.Build.0 = Debug|Any CPU
		{62C02634-F410-4800-B17D-70016F367148}.Release|Any CPU.ActiveCfg = Release|Any CPU
		{62C02634-F410-4800-B17D-70016F367148}.Release|Any CPU.Build.0 = Release|Any CPU
		{6E7B3332-F60A-4BAA-A74C-69C16A10DE58}.Debug|Any CPU.ActiveCfg = Debug|Any CPU
		{6E7B3332-F60A-4BAA-A74C-69C16A10DE58}.Debug|Any CPU.Build.0 = Debug|Any CPU
		{6E7B3332-F60A-4BAA-A74C-69C16A10DE58}.Release|Any CPU.ActiveCfg = Release|Any CPU
		{6E7B3332-F60A-4BAA-A74C-69C16A10DE58}.Release|Any CPU.Build.0 = Release|Any CPU
		{48B86CD3-B3AC-41FA-99AF-0C836B73538D}.Debug|Any CPU.ActiveCfg = Debug|Any CPU
		{48B86CD3-B3AC-41FA-99AF-0C836B73538D}.Debug|Any CPU.Build.0 = Debug|Any CPU
		{48B86CD3-B3AC-41FA-99AF-0C836B73538D}.Release|Any CPU.ActiveCfg = Release|Any CPU
		{48B86CD3-B3AC-41FA-99AF-0C836B73538D}.Release|Any CPU.Build.0 = Release|Any CPU
		{9681297E-33A2-49CA-B8BB-FE366170E429}.Debug|Any CPU.ActiveCfg = Debug|Any CPU
		{9681297E-33A2-49CA-B8BB-FE366170E429}.Debug|Any CPU.Build.0 = Debug|Any CPU
		{9681297E-33A2-49CA-B8BB-FE366170E429}.Release|Any CPU.ActiveCfg = Release|Any CPU
		{9681297E-33A2-49CA-B8BB-FE366170E429}.Release|Any CPU.Build.0 = Release|Any CPU
	EndGlobalSection
	GlobalSection(SolutionProperties) = preSolution
		HideSolutionNode = FALSE
	EndGlobalSection
	GlobalSection(ExtensibilityGlobals) = postSolution
		SolutionGuid = {8EADED90-F583-4013-9ED0-192092808E6F}
	EndGlobalSection
EndGlobal
